
Microsoft Visual Studio Solution File, Format Version 12.00
# Visual Studio Version 17
VisualStudioVersion = 17.5.33424.131
MinimumVisualStudioVersion = 10.0.40219.1
Project("{FAE04EC0-301F-11D3-BF4B-00C04F79EFBC}") = "Industrial Informatics Project", "Industrial Informatics Project\Industrial Informatics Project.csproj", "{834C9D77-683A-478B-8B51-5FE6B437F875}"
EndProject
Global
	GlobalSection(SolutionConfigurationPlatforms) = preSolution
		Debug|Any CPU = Debug|Any CPU
		Release|Any CPU = Release|Any CPU
	EndGlobalSection
	GlobalSection(ProjectConfigurationPlatforms) = postSolution
		{834C9D77-683A-478B-8B51-5FE6B437F875}.Debug|Any CPU.ActiveCfg = Debug|Any CPU
		{834C9D77-683A-478B-8B51-5FE6B437F875}.Debug|Any CPU.Build.0 = Debug|Any CPU
		{834C9D77-683A-478B-8B51-5FE6B437F875}.Release|Any CPU.ActiveCfg = Release|Any CPU
		{834C9D77-683A-478B-8B51-5FE6B437F875}.Release|Any CPU.Build.0 = Release|Any CPU
	EndGlobalSection
	GlobalSection(SolutionProperties) = preSolution
		HideSolutionNode = FALSE
	EndGlobalSection
	GlobalSection(ExtensibilityGlobals) = postSolution
		SolutionGuid = {5BE63B6B-297E-41C3-A1D7-6A1BD8F7BDC3}
	EndGlobalSection
EndGlobal
